PODS:
  - Kingfisher (7.2.1)
  - SnapKit (5.6.0)
  - SQLite.swift (0.13.3):
    - SQLite.swift/standard (= 0.13.3)
  - SQLite.swift/standard (0.13.3)

DEPENDENCIES:
  - Kingfisher
  - SnapKit
  - SQLite.swift (~> 0.13.3)

SPEC REPOS:
  trunk:
    - Kingfisher
    - SnapKit
    - SQLite.swift

SPEC CHECKSUMS:
  Kingfisher: 7c084bebf7d548c623ad41bcf765fb200efed369
  SnapKit: e01d52ebb8ddbc333eefe2132acf85c8227d9c25
  SQLite.swift: 903bfa3bc9ab06345fdfbb578e34f47cfcf417da

PODFILE CHECKSUM: 4855be7ca72cc19102caec2f31f4d75fa0c95bcb

COCOAPODS: 1.11.2
