// !$*UTF8*$!
{
	archiveVersion = 1;
	classes = {
	};
	objectVersion = 55;
	objects = {

/* Begin PBXBuildFile section */
		0114B2FF27F1109000D54393 /* MenuViewController.swift in Sources */ = {isa = PBXBuildFile; fileRef = 0114B2FE27F1109000D54393 /* MenuViewController.swift */; };
		0114B30427F112C500D54393 /* CategoryCollectionViewCell.swift in Sources */ = {isa = PBXBuildFile; fileRef = 0114B30327F112C500D54393 /* CategoryCollectionViewCell.swift */; };
		01161E9B27F30A49007695CF /* BannerPresenter.swift in Sources */ = {isa = PBXBuildFile; fileRef = 01161E9A27F30A49007695CF /* BannerPresenter.swift */; };
		01161E9D27F30A69007695CF /* BannerPresenterProtocol.swift in Sources */ = {isa = PBXBuildFile; fileRef = 01161E9C27F30A69007695CF /* BannerPresenterProtocol.swift */; };
		01161E9F27F30A80007695CF /* BannerViewProtocol.swift in Sources */ = {isa = PBXBuildFile; fileRef = 01161E9E27F30A80007695CF /* BannerViewProtocol.swift */; };
		01161EA127F314DE007695CF /* MenuViewController+UICollectionViewDelegateFlowLayout.swift in Sources */ = {isa = PBXBuildFile; fileRef = 01161EA027F314DE007695CF /* MenuViewController+UICollectionViewDelegateFlowLayout.swift */; };
		01161EA327F36464007695CF /* UICollectionViewExtensions.swift in Sources */ = {isa = PBXBuildFile; fileRef = 01161EA227F36464007695CF /* UICollectionViewExtensions.swift */; };
		01456F4527F46106002AF950 /* MenuDelegate.swift in Sources */ = {isa = PBXBuildFile; fileRef = 01456F4427F46106002AF950 /* MenuDelegate.swift */; };
		01456F4727F461FF002AF950 /* MenuViewController+MenuDelegate.swift in Sources */ = {isa = PBXBuildFile; fileRef = 01456F4627F461FF002AF950 /* MenuViewController+MenuDelegate.swift */; };
		014F1CD927F398B000D7F799 /* PresentationController.swift in Sources */ = {isa = PBXBuildFile; fileRef = 014F1CD827F398B000D7F799 /* PresentationController.swift */; };
		014F1CDB27F3998A00D7F799 /* MenuViewController+UIViewControllerTransitioningDelegate.swift in Sources */ = {isa = PBXBuildFile; fileRef = 014F1CDA27F3998A00D7F799 /* MenuViewController+UIViewControllerTransitioningDelegate.swift */; };
		014F1CDD27F39A0B00D7F799 /* CardViewController.swift in Sources */ = {isa = PBXBuildFile; fileRef = 014F1CDC27F39A0B00D7F799 /* CardViewController.swift */; };
		0171492827EF80720012379E /* HomeViewController.swift in Sources */ = {isa = PBXBuildFile; fileRef = 0171492727EF80720012379E /* HomeViewController.swift */; };
		0178A00727FA3B6500698C2F /* ImagineItIsHidden.swift in Sources */ = {isa = PBXBuildFile; fileRef = 0178A00627FA3B6500698C2F /* ImagineItIsHidden.swift */; };
		0185851628056514000E68F7 /* FoodAppTests.swift in Sources */ = {isa = PBXBuildFile; fileRef = 0185851528056514000E68F7 /* FoodAppTests.swift */; };
		0185851D28056537000E68F7 /* NetworkingTests.swift in Sources */ = {isa = PBXBuildFile; fileRef = 0185851C28056537000E68F7 /* NetworkingTests.swift */; };
		019ACD3927EF1A6500589642 /* BannerViewController.swift in Sources */ = {isa = PBXBuildFile; fileRef = 019ACD3827EF1A6500589642 /* BannerViewController.swift */; };
		01A306A127F0BD760098C791 /* BannerCollectionViewCell.swift in Sources */ = {isa = PBXBuildFile; fileRef = 01A306A027F0BD760098C791 /* BannerCollectionViewCell.swift */; };
		01A306A627F10B530098C791 /* HomeViewController+UIGestureRecognizerDelegate.swift in Sources */ = {isa = PBXBuildFile; fileRef = 01A306A527F10B530098C791 /* HomeViewController+UIGestureRecognizerDelegate.swift */; };
		01A306A827F10BB10098C791 /* BannerViewController+UICollectionViewDataSource.swift in Sources */ = {isa = PBXBuildFile; fileRef = 01A306A727F10BB10098C791 /* BannerViewController+UICollectionViewDataSource.swift */; };
		01A306AA27F10BED0098C791 /* BannerViewController+UICollectionViewDelegateFlowLayout.swift in Sources */ = {isa = PBXBuildFile; fileRef = 01A306A927F10BED0098C791 /* BannerViewController+UICollectionViewDelegateFlowLayout.swift */; };
		01A306AE27F10C730098C791 /* MenuViewController+UICollectionViewDataSource.swift in Sources */ = {isa = PBXBuildFile; fileRef = 01A306AD27F10C730098C791 /* MenuViewController+UICollectionViewDataSource.swift */; };
		01A306B027F10CB10098C791 /* MenuViewController+UICollectionViewDelegate.swift in Sources */ = {isa = PBXBuildFile; fileRef = 01A306AF27F10CB10098C791 /* MenuViewController+UICollectionViewDelegate.swift */; };
		01A306B227F10CEC0098C791 /* MenuViewController+UIScrollViewDelegate.swift in Sources */ = {isa = PBXBuildFile; fileRef = 01A306B127F10CEC0098C791 /* MenuViewController+UIScrollViewDelegate.swift */; };
		01A306B727F10DB00098C791 /* UIViewExtensions.swift in Sources */ = {isa = PBXBuildFile; fileRef = 01A306B627F10DB00098C791 /* UIViewExtensions.swift */; };
		01AFD60527EDBF5D0081BA4C /* AppDelegate.swift in Sources */ = {isa = PBXBuildFile; fileRef = 01AFD60427EDBF5D0081BA4C /* AppDelegate.swift */; };
		01AFD60727EDBF5D0081BA4C /* SceneDelegate.swift in Sources */ = {isa = PBXBuildFile; fileRef = 01AFD60627EDBF5D0081BA4C /* SceneDelegate.swift */; };
		01AFD60E27EDBF600081BA4C /* Assets.xcassets in Resources */ = {isa = PBXBuildFile; fileRef = 01AFD60D27EDBF600081BA4C /* Assets.xcassets */; };
		01AFD61127EDBF600081BA4C /* LaunchScreen.storyboard in Resources */ = {isa = PBXBuildFile; fileRef = 01AFD60F27EDBF600081BA4C /* LaunchScreen.storyboard */; };
		01B60CC327EE182F0045C827 /* Menu.swift in Sources */ = {isa = PBXBuildFile; fileRef = 01B60CC227EE182F0045C827 /* Menu.swift */; };
		01B60CC527EE195E0045C827 /* NetworkManager.swift in Sources */ = {isa = PBXBuildFile; fileRef = 01B60CC427EE195E0045C827 /* NetworkManager.swift */; };
		01B60CC727EE19830045C827 /* NetworkManagerProtocol.swift in Sources */ = {isa = PBXBuildFile; fileRef = 01B60CC627EE19830045C827 /* NetworkManagerProtocol.swift */; };
		01C0F27E27EDC58E00380895 /* Constants.swift in Sources */ = {isa = PBXBuildFile; fileRef = 01C0F27D27EDC58E00380895 /* Constants.swift */; };
		01C0F28027EDC65000380895 /* CollectionViewType.swift in Sources */ = {isa = PBXBuildFile; fileRef = 01C0F27F27EDC65000380895 /* CollectionViewType.swift */; };
		01C0F28527EDD20100380895 /* MenuPresenter.swift in Sources */ = {isa = PBXBuildFile; fileRef = 01C0F28427EDD20100380895 /* MenuPresenter.swift */; };
		01C0F28827EDD23F00380895 /* MenuPresenterProtocol.swift in Sources */ = {isa = PBXBuildFile; fileRef = 01C0F28727EDD23F00380895 /* MenuPresenterProtocol.swift */; };
		01C0F28A27EDD26200380895 /* MenuViewProtocol.swift in Sources */ = {isa = PBXBuildFile; fileRef = 01C0F28927EDD26200380895 /* MenuViewProtocol.swift */; };
		01C0F28C27EDD87900380895 /* MenuCollectionViewCell.swift in Sources */ = {isa = PBXBuildFile; fileRef = 01C0F28B27EDD87900380895 /* MenuCollectionViewCell.swift */; };
		01C0F28E27EDD89C00380895 /* MenuCellPresenter.swift in Sources */ = {isa = PBXBuildFile; fileRef = 01C0F28D27EDD89C00380895 /* MenuCellPresenter.swift */; };
		01C0F29027EDD8C600380895 /* MenuCellPresenterProtocol.swift in Sources */ = {isa = PBXBuildFile; fileRef = 01C0F28F27EDD8C600380895 /* MenuCellPresenterProtocol.swift */; };
		01C0F29227EDD90500380895 /* MenuHeaderSupplementaryView.swift in Sources */ = {isa = PBXBuildFile; fileRef = 01C0F29127EDD90500380895 /* MenuHeaderSupplementaryView.swift */; };
		01C0F29827EDDC4200380895 /* MenuCellProtocol.swift in Sources */ = {isa = PBXBuildFile; fileRef = 01C0F29727EDDC4200380895 /* MenuCellProtocol.swift */; };
		01C995AB27F4F25A00FE3F1F /* CardViewController+UITableViewDataSource.swift in Sources */ = {isa = PBXBuildFile; fileRef = 01C995AA27F4F25A00FE3F1F /* CardViewController+UITableViewDataSource.swift */; };
		01C995AD27F4F26900FE3F1F /* CardViewController+UITableViewDelegate.swift in Sources */ = {isa = PBXBuildFile; fileRef = 01C995AC27F4F26900FE3F1F /* CardViewController+UITableViewDelegate.swift */; };
		7F4DD034F91F3E3A7A28FBC8 /* Pods_FoodApp.framework in Frameworks */ = {isa = PBXBuildFile; fileRef = 40BBDBAD5A42439B91312C84 /* Pods_FoodApp.framework */; };
/* End PBXBuildFile section */

/* Begin PBXContainerItemProxy section */
		0185851728056514000E68F7 /* PBXContainerItemProxy */ = {
			isa = PBXContainerItemProxy;
			containerPortal = 01AFD5F927EDBF5D0081BA4C /* Project object */;
			proxyType = 1;
			remoteGlobalIDString = 01AFD60027EDBF5D0081BA4C;
			remoteInfo = FoodApp;
		};
/* End PBXContainerItemProxy section */

/* Begin PBXFileReference section */
		0114B2FE27F1109000D54393 /* MenuViewController.swift */ = {isa = PBXFileReference; lastKnownFileType = sourcecode.swift; path = MenuViewController.swift; sourceTree = "<group>"; };
		0114B30327F112C500D54393 /* CategoryCollectionViewCell.swift */ = {isa = PBXFileReference; lastKnownFileType = sourcecode.swift; path = CategoryCollectionViewCell.swift; sourceTree = "<group>"; };
		01161E9A27F30A49007695CF /* BannerPresenter.swift */ = {isa = PBXFileReference; lastKnownFileType = sourcecode.swift; path = BannerPresenter.swift; sourceTree = "<group>"; };
		01161E9C27F30A69007695CF /* BannerPresenterProtocol.swift */ = {isa = PBXFileReference; lastKnownFileType = sourcecode.swift; path = BannerPresenterProtocol.swift; sourceTree = "<group>"; };
		01161E9E27F30A80007695CF /* BannerViewProtocol.swift */ = {isa = PBXFileReference; lastKnownFileType = sourcecode.swift; path = BannerViewProtocol.swift; sourceTree = "<group>"; };
		01161EA027F314DE007695CF /* MenuViewController+UICollectionViewDelegateFlowLayout.swift */ = {isa = PBXFileReference; lastKnownFileType = sourcecode.swift; path = "MenuViewController+UICollectionViewDelegateFlowLayout.swift"; sourceTree = "<group>"; };
		01161EA227F36464007695CF /* UICollectionViewExtensions.swift */ = {isa = PBXFileReference; lastKnownFileType = sourcecode.swift; path = UICollectionViewExtensions.swift; sourceTree = "<group>"; };
		01456F4427F46106002AF950 /* MenuDelegate.swift */ = {isa = PBXFileReference; lastKnownFileType = sourcecode.swift; path = MenuDelegate.swift; sourceTree = "<group>"; };
		01456F4627F461FF002AF950 /* MenuViewController+MenuDelegate.swift */ = {isa = PBXFileReference; lastKnownFileType = sourcecode.swift; path = "MenuViewController+MenuDelegate.swift"; sourceTree = "<group>"; };
		014F1CD827F398B000D7F799 /* PresentationController.swift */ = {isa = PBXFileReference; lastKnownFileType = sourcecode.swift; path = PresentationController.swift; sourceTree = "<group>"; };
		014F1CDA27F3998A00D7F799 /* MenuViewController+UIViewControllerTransitioningDelegate.swift */ = {isa = PBXFileReference; lastKnownFileType = sourcecode.swift; path = "MenuViewController+UIViewControllerTransitioningDelegate.swift"; sourceTree = "<group>"; };
		014F1CDC27F39A0B00D7F799 /* CardViewController.swift */ = {isa = PBXFileReference; lastKnownFileType = sourcecode.swift; path = CardViewController.swift; sourceTree = "<group>"; };
		0171492727EF80720012379E /* HomeViewController.swift */ = {isa = PBXFileReference; lastKnownFileType = sourcecode.swift; path = HomeViewController.swift; sourceTree = "<group>"; };
		0178A00627FA3B6500698C2F /* ImagineItIsHidden.swift */ = {isa = PBXFileReference; lastKnownFileType = sourcecode.swift; path = ImagineItIsHidden.swift; sourceTree = "<group>"; };
		0185851328056514000E68F7 /* FoodAppTests.xctest */ = {isa = PBXFileReference; explicitFileType = wrapper.cfbundle; includeInIndex = 0; path = FoodAppTests.xctest; sourceTree = BUILT_PRODUCTS_DIR; };
		0185851528056514000E68F7 /* FoodAppTests.swift */ = {isa = PBXFileReference; lastKnownFileType = sourcecode.swift; path = FoodAppTests.swift; sourceTree = "<group>"; };
		0185851C28056537000E68F7 /* NetworkingTests.swift */ = {isa = PBXFileReference; lastKnownFileType = sourcecode.swift; path = NetworkingTests.swift; sourceTree = "<group>"; };
		019ACD3827EF1A6500589642 /* BannerViewController.swift */ = {isa = PBXFileReference; lastKnownFileType = sourcecode.swift; path = BannerViewController.swift; sourceTree = "<group>"; };
		01A306A027F0BD760098C791 /* BannerCollectionViewCell.swift */ = {isa = PBXFileReference; lastKnownFileType = sourcecode.swift; path = BannerCollectionViewCell.swift; sourceTree = "<group>"; };
		01A306A527F10B530098C791 /* HomeViewController+UIGestureRecognizerDelegate.swift */ = {isa = PBXFileReference; lastKnownFileType = sourcecode.swift; path = "HomeViewController+UIGestureRecognizerDelegate.swift"; sourceTree = "<group>"; };
		01A306A727F10BB10098C791 /* BannerViewController+UICollectionViewDataSource.swift */ = {isa = PBXFileReference; lastKnownFileType = sourcecode.swift; path = "BannerViewController+UICollectionViewDataSource.swift"; sourceTree = "<group>"; };
		01A306A927F10BED0098C791 /* BannerViewController+UICollectionViewDelegateFlowLayout.swift */ = {isa = PBXFileReference; lastKnownFileType = sourcecode.swift; path = "BannerViewController+UICollectionViewDelegateFlowLayout.swift"; sourceTree = "<group>"; };
		01A306AD27F10C730098C791 /* MenuViewController+UICollectionViewDataSource.swift */ = {isa = PBXFileReference; lastKnownFileType = sourcecode.swift; path = "MenuViewController+UICollectionViewDataSource.swift"; sourceTree = "<group>"; };
		01A306AF27F10CB10098C791 /* MenuViewController+UICollectionViewDelegate.swift */ = {isa = PBXFileReference; lastKnownFileType = sourcecode.swift; path = "MenuViewController+UICollectionViewDelegate.swift"; sourceTree = "<group>"; };
		01A306B127F10CEC0098C791 /* MenuViewController+UIScrollViewDelegate.swift */ = {isa = PBXFileReference; lastKnownFileType = sourcecode.swift; path = "MenuViewController+UIScrollViewDelegate.swift"; sourceTree = "<group>"; };
		01A306B627F10DB00098C791 /* UIViewExtensions.swift */ = {isa = PBXFileReference; lastKnownFileType = sourcecode.swift; path = UIViewExtensions.swift; sourceTree = "<group>"; };
		01AFD60127EDBF5D0081BA4C /* FoodApp.app */ = {isa = PBXFileReference; explicitFileType = wrapper.application; includeInIndex = 0; path = FoodApp.app; sourceTree = BUILT_PRODUCTS_DIR; };
		01AFD60427EDBF5D0081BA4C /* AppDelegate.swift */ = {isa = PBXFileReference; lastKnownFileType = sourcecode.swift; path = AppDelegate.swift; sourceTree = "<group>"; };
		01AFD60627EDBF5D0081BA4C /* SceneDelegate.swift */ = {isa = PBXFileReference; lastKnownFileType = sourcecode.swift; path = SceneDelegate.swift; sourceTree = "<group>"; };
		01AFD60D27EDBF600081BA4C /* Assets.xcassets */ = {isa = PBXFileReference; lastKnownFileType = folder.assetcatalog; path = Assets.xcassets; sourceTree = "<group>"; };
		01AFD61027EDBF600081BA4C /* Base */ = {isa = PBXFileReference; lastKnownFileType = file.storyboard; name = Base; path = Base.lproj/LaunchScreen.storyboard; sourceTree = "<group>"; };
		01AFD61227EDBF600081BA4C /* Info.plist */ = {isa = PBXFileReference; lastKnownFileType = text.plist.xml; path = Info.plist; sourceTree = "<group>"; };
		01B60CC227EE182F0045C827 /* Menu.swift */ = {isa = PBXFileReference; lastKnownFileType = sourcecode.swift; path = Menu.swift; sourceTree = "<group>"; };
		01B60CC427EE195E0045C827 /* NetworkManager.swift */ = {isa = PBXFileReference; lastKnownFileType = sourcecode.swift; path = NetworkManager.swift; sourceTree = "<group>"; };
		01B60CC627EE19830045C827 /* NetworkManagerProtocol.swift */ = {isa = PBXFileReference; lastKnownFileType = sourcecode.swift; path = NetworkManagerProtocol.swift; sourceTree = "<group>"; };
		01C0F27D27EDC58E00380895 /* Constants.swift */ = {isa = PBXFileReference; lastKnownFileType = sourcecode.swift; path = Constants.swift; sourceTree = "<group>"; };
		01C0F27F27EDC65000380895 /* CollectionViewType.swift */ = {isa = PBXFileReference; lastKnownFileType = sourcecode.swift; path = CollectionViewType.swift; sourceTree = "<group>"; };
		01C0F28427EDD20100380895 /* MenuPresenter.swift */ = {isa = PBXFileReference; lastKnownFileType = sourcecode.swift; path = MenuPresenter.swift; sourceTree = "<group>"; };
		01C0F28727EDD23F00380895 /* MenuPresenterProtocol.swift */ = {isa = PBXFileReference; lastKnownFileType = sourcecode.swift; path = MenuPresenterProtocol.swift; sourceTree = "<group>"; };
		01C0F28927EDD26200380895 /* MenuViewProtocol.swift */ = {isa = PBXFileReference; lastKnownFileType = sourcecode.swift; path = MenuViewProtocol.swift; sourceTree = "<group>"; };
		01C0F28B27EDD87900380895 /* MenuCollectionViewCell.swift */ = {isa = PBXFileReference; lastKnownFileType = sourcecode.swift; path = MenuCollectionViewCell.swift; sourceTree = "<group>"; };
		01C0F28D27EDD89C00380895 /* MenuCellPresenter.swift */ = {isa = PBXFileReference; lastKnownFileType = sourcecode.swift; path = MenuCellPresenter.swift; sourceTree = "<group>"; };
		01C0F28F27EDD8C600380895 /* MenuCellPresenterProtocol.swift */ = {isa = PBXFileReference; lastKnownFileType = sourcecode.swift; path = MenuCellPresenterProtocol.swift; sourceTree = "<group>"; };
		01C0F29127EDD90500380895 /* MenuHeaderSupplementaryView.swift */ = {isa = PBXFileReference; lastKnownFileType = sourcecode.swift; path = MenuHeaderSupplementaryView.swift; sourceTree = "<group>"; };
		01C0F29727EDDC4200380895 /* MenuCellProtocol.swift */ = {isa = PBXFileReference; lastKnownFileType = sourcecode.swift; path = MenuCellProtocol.swift; sourceTree = "<group>"; };
		01C995AA27F4F25A00FE3F1F /* CardViewController+UITableViewDataSource.swift */ = {isa = PBXFileReference; lastKnownFileType = sourcecode.swift; path = "CardViewController+UITableViewDataSource.swift"; sourceTree = "<group>"; };
		01C995AC27F4F26900FE3F1F /* CardViewController+UITableViewDelegate.swift */ = {isa = PBXFileReference; lastKnownFileType = sourcecode.swift; path = "CardViewController+UITableViewDelegate.swift"; sourceTree = "<group>"; };
		40BBDBAD5A42439B91312C84 /* Pods_FoodApp.framework */ = {isa = PBXFileReference; explicitFileType = wrapper.framework; includeInIndex = 0; path = Pods_FoodApp.framework; sourceTree = BUILT_PRODUCTS_DIR; };
		4B9ACDA479593E06CF29CB92 /* Pods-FoodApp.debug.xcconfig */ = {isa = PBXFileReference; includeInIndex = 1; lastKnownFileType = text.xcconfig; name = "Pods-FoodApp.debug.xcconfig"; path = "Target Support Files/Pods-FoodApp/Pods-FoodApp.debug.xcconfig"; sourceTree = "<group>"; };
		BB60A4A5B4A199978A91D4E3 /* Pods-FoodApp.release.xcconfig */ = {isa = PBXFileReference; includeInIndex = 1; lastKnownFileType = text.xcconfig; name = "Pods-FoodApp.release.xcconfig"; path = "Target Support Files/Pods-FoodApp/Pods-FoodApp.release.xcconfig"; sourceTree = "<group>"; };
/* End PBXFileReference section */

/* Begin PBXFrameworksBuildPhase section */
		0185851028056514000E68F7 /* Frameworks */ = {
			isa = PBXFrameworksBuildPhase;
			buildActionMask = 2147483647;
			files = (
			);
			runOnlyForDeploymentPostprocessing = 0;
		};
		01AFD5FE27EDBF5D0081BA4C /* Frameworks */ = {
			isa = PBXFrameworksBuildPhase;
			buildActionMask = 2147483647;
			files = (
				7F4DD034F91F3E3A7A28FBC8 /* Pods_FoodApp.framework in Frameworks */,
			);
			runOnlyForDeploymentPostprocessing = 0;
		};
/* End PBXFrameworksBuildPhase section */

/* Begin PBXGroup section */
		0114B30027F1124E00D54393 /* View */ = {
			isa = PBXGroup;
			children = (
				01C0F28927EDD26200380895 /* MenuViewProtocol.swift */,
				01C0F28727EDD23F00380895 /* MenuPresenterProtocol.swift */,
				01161E9E27F30A80007695CF /* BannerViewProtocol.swift */,
				01161E9C27F30A69007695CF /* BannerPresenterProtocol.swift */,
			);
			path = View;
			sourceTree = "<group>";
		};
		0114B30127F1125800D54393 /* Cell */ = {
			isa = PBXGroup;
			children = (
				01C0F29727EDDC4200380895 /* MenuCellProtocol.swift */,
				01C0F28F27EDD8C600380895 /* MenuCellPresenterProtocol.swift */,
			);
			path = Cell;
			sourceTree = "<group>";
		};
		014F1CD627F3986E00D7F799 /* Menu */ = {
			isa = PBXGroup;
			children = (
				0114B2FE27F1109000D54393 /* MenuViewController.swift */,
				01A306AD27F10C730098C791 /* MenuViewController+UICollectionViewDataSource.swift */,
				01A306AF27F10CB10098C791 /* MenuViewController+UICollectionViewDelegate.swift */,
				01A306B127F10CEC0098C791 /* MenuViewController+UIScrollViewDelegate.swift */,
				01161EA027F314DE007695CF /* MenuViewController+UICollectionViewDelegateFlowLayout.swift */,
				014F1CDA27F3998A00D7F799 /* MenuViewController+UIViewControllerTransitioningDelegate.swift */,
				01456F4627F461FF002AF950 /* MenuViewController+MenuDelegate.swift */,
			);
			path = Menu;
			sourceTree = "<group>";
		};
		014F1CD727F3989000D7F799 /* BottomCard */ = {
			isa = PBXGroup;
			children = (
				014F1CD827F398B000D7F799 /* PresentationController.swift */,
				014F1CDC27F39A0B00D7F799 /* CardViewController.swift */,
				01C995AA27F4F25A00FE3F1F /* CardViewController+UITableViewDataSource.swift */,
				01C995AC27F4F26900FE3F1F /* CardViewController+UITableViewDelegate.swift */,
			);
			path = BottomCard;
			sourceTree = "<group>";
		};
		0185851428056514000E68F7 /* FoodAppTests */ = {
			isa = PBXGroup;
			children = (
				0185851528056514000E68F7 /* FoodAppTests.swift */,
				0185851C28056537000E68F7 /* NetworkingTests.swift */,
			);
			path = FoodAppTests;
			sourceTree = "<group>";
		};
		01A306A227F10AEA0098C791 /* HomeView */ = {
			isa = PBXGroup;
			children = (
				0171492727EF80720012379E /* HomeViewController.swift */,
				01A306A527F10B530098C791 /* HomeViewController+UIGestureRecognizerDelegate.swift */,
			);
			path = HomeView;
			sourceTree = "<group>";
		};
		01A306A327F10B0B0098C791 /* BannerView */ = {
			isa = PBXGroup;
			children = (
				01A306AB27F10C1B0098C791 /* Controller */,
				01A306AC27F10C310098C791 /* Cell */,
			);
			path = BannerView;
			sourceTree = "<group>";
		};
		01A306A427F10B210098C791 /* MenuView */ = {
			isa = PBXGroup;
			children = (
				01A306B827F10E0A0098C791 /* Controller */,
				01A306B927F10E210098C791 /* Cell */,
				01A306BA27F10E2F0098C791 /* Header */,
			);
			path = MenuView;
			sourceTree = "<group>";
		};
		01A306AB27F10C1B0098C791 /* Controller */ = {
			isa = PBXGroup;
			children = (
				019ACD3827EF1A6500589642 /* BannerViewController.swift */,
				01A306A727F10BB10098C791 /* BannerViewController+UICollectionViewDataSource.swift */,
				01A306A927F10BED0098C791 /* BannerViewController+UICollectionViewDelegateFlowLayout.swift */,
			);
			path = Controller;
			sourceTree = "<group>";
		};
		01A306AC27F10C310098C791 /* Cell */ = {
			isa = PBXGroup;
			children = (
				01A306A027F0BD760098C791 /* BannerCollectionViewCell.swift */,
			);
			path = Cell;
			sourceTree = "<group>";
		};
		01A306B527F10D6E0098C791 /* Extensions */ = {
			isa = PBXGroup;
			children = (
				01A306B627F10DB00098C791 /* UIViewExtensions.swift */,
				01161EA227F36464007695CF /* UICollectionViewExtensions.swift */,
			);
			path = Extensions;
			sourceTree = "<group>";
		};
		01A306B827F10E0A0098C791 /* Controller */ = {
			isa = PBXGroup;
			children = (
				014F1CD627F3986E00D7F799 /* Menu */,
				014F1CD727F3989000D7F799 /* BottomCard */,
			);
			path = Controller;
			sourceTree = "<group>";
		};
		01A306B927F10E210098C791 /* Cell */ = {
			isa = PBXGroup;
			children = (
				01C0F28B27EDD87900380895 /* MenuCollectionViewCell.swift */,
				0114B30327F112C500D54393 /* CategoryCollectionViewCell.swift */,
			);
			path = Cell;
			sourceTree = "<group>";
		};
		01A306BA27F10E2F0098C791 /* Header */ = {
			isa = PBXGroup;
			children = (
				01C0F29127EDD90500380895 /* MenuHeaderSupplementaryView.swift */,
			);
			path = Header;
			sourceTree = "<group>";
		};
		01AFD5F827EDBF5D0081BA4C = {
			isa = PBXGroup;
			children = (
				01AFD60327EDBF5D0081BA4C /* FoodApp */,
				0185851428056514000E68F7 /* FoodAppTests */,
				01AFD60227EDBF5D0081BA4C /* Products */,
				55B65E4FA964BC3A5D9BEC69 /* Pods */,
				F48EC99AB782EAFCD7B0542F /* Frameworks */,
			);
			sourceTree = "<group>";
		};
		01AFD60227EDBF5D0081BA4C /* Products */ = {
			isa = PBXGroup;
			children = (
				01AFD60127EDBF5D0081BA4C /* FoodApp.app */,
				0185851328056514000E68F7 /* FoodAppTests.xctest */,
			);
			name = Products;
			sourceTree = "<group>";
		};
		01AFD60327EDBF5D0081BA4C /* FoodApp */ = {
			isa = PBXGroup;
			children = (
				01AFD61827EDBFC90081BA4C /* AppDelegate */,
				01C0F27C27EDC2AE00380895 /* MenuModule */,
				01C0F29927EDEE6400380895 /* Managers */,
				01A306B527F10D6E0098C791 /* Extensions */,
				01AFD60D27EDBF600081BA4C /* Assets.xcassets */,
				01AFD60F27EDBF600081BA4C /* LaunchScreen.storyboard */,
				01C0F27D27EDC58E00380895 /* Constants.swift */,
				0178A00627FA3B6500698C2F /* ImagineItIsHidden.swift */,
				01AFD61227EDBF600081BA4C /* Info.plist */,
			);
			path = FoodApp;
			sourceTree = "<group>";
		};
		01AFD61827EDBFC90081BA4C /* AppDelegate */ = {
			isa = PBXGroup;
			children = (
				01AFD60427EDBF5D0081BA4C /* AppDelegate.swift */,
				01AFD60627EDBF5D0081BA4C /* SceneDelegate.swift */,
			);
			path = AppDelegate;
			sourceTree = "<group>";
		};
		01C0F27C27EDC2AE00380895 /* MenuModule */ = {
			isa = PBXGroup;
			children = (
				01C0F28127EDD17100380895 /* Model */,
				01C0F28227EDD17700380895 /* View */,
				01C0F28327EDD18400380895 /* Presenter */,
				01C0F28627EDD21E00380895 /* Protocols */,
			);
			path = MenuModule;
			sourceTree = "<group>";
		};
		01C0F28127EDD17100380895 /* Model */ = {
			isa = PBXGroup;
			children = (
				01C0F27F27EDC65000380895 /* CollectionViewType.swift */,
				01B60CC227EE182F0045C827 /* Menu.swift */,
			);
			path = Model;
			sourceTree = "<group>";
		};
		01C0F28227EDD17700380895 /* View */ = {
			isa = PBXGroup;
			children = (
				01A306A227F10AEA0098C791 /* HomeView */,
				01A306A327F10B0B0098C791 /* BannerView */,
				01A306A427F10B210098C791 /* MenuView */,
			);
			path = View;
			sourceTree = "<group>";
		};
		01C0F28327EDD18400380895 /* Presenter */ = {
			isa = PBXGroup;
			children = (
				01C0F28427EDD20100380895 /* MenuPresenter.swift */,
				01C0F28D27EDD89C00380895 /* MenuCellPresenter.swift */,
				01161E9A27F30A49007695CF /* BannerPresenter.swift */,
			);
			path = Presenter;
			sourceTree = "<group>";
		};
		01C0F28627EDD21E00380895 /* Protocols */ = {
			isa = PBXGroup;
			children = (
				01456F4427F46106002AF950 /* MenuDelegate.swift */,
				0114B30027F1124E00D54393 /* View */,
				0114B30127F1125800D54393 /* Cell */,
			);
			path = Protocols;
			sourceTree = "<group>";
		};
		01C0F29927EDEE6400380895 /* Managers */ = {
			isa = PBXGroup;
			children = (
				01B60CC427EE195E0045C827 /* NetworkManager.swift */,
				01B60CC627EE19830045C827 /* NetworkManagerProtocol.swift */,
			);
			path = Managers;
			sourceTree = "<group>";
		};
		55B65E4FA964BC3A5D9BEC69 /* Pods */ = {
			isa = PBXGroup;
			children = (
				4B9ACDA479593E06CF29CB92 /* Pods-FoodApp.debug.xcconfig */,
				BB60A4A5B4A199978A91D4E3 /* Pods-FoodApp.release.xcconfig */,
			);
			path = Pods;
			sourceTree = "<group>";
		};
		F48EC99AB782EAFCD7B0542F /* Frameworks */ = {
			isa = PBXGroup;
			children = (
				40BBDBAD5A42439B91312C84 /* Pods_FoodApp.framework */,
			);
			name = Frameworks;
			sourceTree = "<group>";
		};
/* End PBXGroup section */

/* Begin PBXNativeTarget section */
		0185851228056514000E68F7 /* FoodAppTests */ = {
			isa = PBXNativeTarget;
			buildConfigurationList = 0185851B28056514000E68F7 /* Build configuration list for PBXNativeTarget "FoodAppTests" */;
			buildPhases = (
				0185850F28056514000E68F7 /* Sources */,
				0185851028056514000E68F7 /* Frameworks */,
				0185851128056514000E68F7 /* Resources */,
			);
			buildRules = (
			);
			dependencies = (
				0185851828056514000E68F7 /* PBXTargetDependency */,
			);
			name = FoodAppTests;
			productName = FoodAppTests;
			productReference = 0185851328056514000E68F7 /* FoodAppTests.xctest */;
			productType = "com.apple.product-type.bundle.unit-test";
		};
		01AFD60027EDBF5D0081BA4C /* FoodApp */ = {
			isa = PBXNativeTarget;
			buildConfigurationList = 01AFD61527EDBF600081BA4C /* Build configuration list for PBXNativeTarget "FoodApp" */;
			buildPhases = (
				12A67E285595D0DE1449E229 /* [CP] Check Pods Manifest.lock */,
				01AFD5FD27EDBF5D0081BA4C /* Sources */,
				01AFD5FE27EDBF5D0081BA4C /* Frameworks */,
				01AFD5FF27EDBF5D0081BA4C /* Resources */,
				C24FDBF29221D6CCE31788D1 /* [CP] Embed Pods Frameworks */,
			);
			buildRules = (
			);
			dependencies = (
			);
			name = FoodApp;
			productName = FoodApp;
			productReference = 01AFD60127EDBF5D0081BA4C /* FoodApp.app */;
			productType = "com.apple.product-type.application";
		};
/* End PBXNativeTarget section */

/* Begin PBXProject section */
		01AFD5F927EDBF5D0081BA4C /* Project object */ = {
			isa = PBXProject;
			attributes = {
				BuildIndependentTargetsInParallel = 1;
				LastSwiftUpdateCheck = 1320;
				LastUpgradeCheck = 1320;
				TargetAttributes = {
					0185851228056514000E68F7 = {
						CreatedOnToolsVersion = 13.2.1;
						TestTargetID = 01AFD60027EDBF5D0081BA4C;
					};
					01AFD60027EDBF5D0081BA4C = {
						CreatedOnToolsVersion = 13.2.1;
					};
				};
			};
			buildConfigurationList = 01AFD5FC27EDBF5D0081BA4C /* Build configuration list for PBXProject "FoodApp" */;
			compatibilityVersion = "Xcode 13.0";
			developmentRegion = en;
			hasScannedForEncodings = 0;
			knownRegions = (
				en,
				Base,
			);
			mainGroup = 01AFD5F827EDBF5D0081BA4C;
			productRefGroup = 01AFD60227EDBF5D0081BA4C /* Products */;
			projectDirPath = "";
			projectRoot = "";
			targets = (
				01AFD60027EDBF5D0081BA4C /* FoodApp */,
				0185851228056514000E68F7 /* FoodAppTests */,
			);
		};
/* End PBXProject section */

/* Begin PBXResourcesBuildPhase section */
		0185851128056514000E68F7 /* Resources */ = {
			isa = PBXResourcesBuildPhase;
			buildActionMask = 2147483647;
			files = (
			);
			runOnlyForDeploymentPostprocessing = 0;
		};
		01AFD5FF27EDBF5D0081BA4C /* Resources */ = {
			isa = PBXResourcesBuildPhase;
			buildActionMask = 2147483647;
			files = (
				01AFD61127EDBF600081BA4C /* LaunchScreen.storyboard in Resources */,
				01AFD60E27EDBF600081BA4C /* Assets.xcassets in Resources */,
			);
			runOnlyForDeploymentPostprocessing = 0;
		};
/* End PBXResourcesBuildPhase section */

/* Begin PBXShellScriptBuildPhase section */
		12A67E285595D0DE1449E229 /* [CP] Check Pods Manifest.lock */ = {
			isa = PBXShellScriptBuildPhase;
			buildActionMask = 2147483647;
			files = (
			);
			inputFileListPaths = (
			);
			inputPaths = (
				"${PODS_PODFILE_DIR_PATH}/Podfile.lock",
				"${PODS_ROOT}/Manifest.lock",
			);
			name = "[CP] Check Pods Manifest.lock";
			outputFileListPaths = (
			);
			outputPaths = (
				"$(DERIVED_FILE_DIR)/Pods-FoodApp-checkManifestLockResult.txt",
			);
			runOnlyForDeploymentPostprocessing = 0;
			shellPath = /bin/sh;
			shellScript = "diff \"${PODS_PODFILE_DIR_PATH}/Podfile.lock\" \"${PODS_ROOT}/Manifest.lock\" > /dev/null\nif [ $? != 0 ] ; then\n    # print error to STDERR\n    echo \"error: The sandbox is not in sync with the Podfile.lock. Run 'pod install' or update your CocoaPods installation.\" >&2\n    exit 1\nfi\n# This output is used by Xcode 'outputs' to avoid re-running this script phase.\necho \"SUCCESS\" > \"${SCRIPT_OUTPUT_FILE_0}\"\n";
			showEnvVarsInLog = 0;
		};
		C24FDBF29221D6CCE31788D1 /* [CP] Embed Pods Frameworks */ = {
			isa = PBXShellScriptBuildPhase;
			buildActionMask = 2147483647;
			files = (
			);
			inputFileListPaths = (
				"${PODS_ROOT}/Target Support Files/Pods-FoodApp/Pods-FoodApp-frameworks-${CONFIGURATION}-input-files.xcfilelist",
			);
			name = "[CP] Embed Pods Frameworks";
			outputFileListPaths = (
				"${PODS_ROOT}/Target Support Files/Pods-FoodApp/Pods-FoodApp-frameworks-${CONFIGURATION}-output-files.xcfilelist",
			);
			runOnlyForDeploymentPostprocessing = 0;
			shellPath = /bin/sh;
			shellScript = "\"${PODS_ROOT}/Target Support Files/Pods-FoodApp/Pods-FoodApp-frameworks.sh\"\n";
			showEnvVarsInLog = 0;
		};
/* End PBXShellScriptBuildPhase section */

/* Begin PBXSourcesBuildPhase section */
		0185850F28056514000E68F7 /* Sources */ = {
			isa = PBXSourcesBuildPhase;
			buildActionMask = 2147483647;
			files = (
				0185851628056514000E68F7 /* FoodAppTests.swift in Sources */,
				0185851D28056537000E68F7 /* NetworkingTests.swift in Sources */,
			);
			runOnlyForDeploymentPostprocessing = 0;
		};
		01AFD5FD27EDBF5D0081BA4C /* Sources */ = {
			isa = PBXSourcesBuildPhase;
			buildActionMask = 2147483647;
			files = (
				01161EA327F36464007695CF /* UICollectionViewExtensions.swift in Sources */,
				014F1CDB27F3998A00D7F799 /* MenuViewController+UIViewControllerTransitioningDelegate.swift in Sources */,
				01A306A827F10BB10098C791 /* BannerViewController+UICollectionViewDataSource.swift in Sources */,
				0114B2FF27F1109000D54393 /* MenuViewController.swift in Sources */,
				01A306AE27F10C730098C791 /* MenuViewController+UICollectionViewDataSource.swift in Sources */,
				01C995AD27F4F26900FE3F1F /* CardViewController+UITableViewDelegate.swift in Sources */,
				01C0F28027EDC65000380895 /* CollectionViewType.swift in Sources */,
				01A306B027F10CB10098C791 /* MenuViewController+UICollectionViewDelegate.swift in Sources */,
				01C0F28C27EDD87900380895 /* MenuCollectionViewCell.swift in Sources */,
				01456F4727F461FF002AF950 /* MenuViewController+MenuDelegate.swift in Sources */,
				014F1CDD27F39A0B00D7F799 /* CardViewController.swift in Sources */,
				01A306AA27F10BED0098C791 /* BannerViewController+UICollectionViewDelegateFlowLayout.swift in Sources */,
				01AFD60527EDBF5D0081BA4C /* AppDelegate.swift in Sources */,
				01161E9B27F30A49007695CF /* BannerPresenter.swift in Sources */,
				01C0F28A27EDD26200380895 /* MenuViewProtocol.swift in Sources */,
				01C0F29827EDDC4200380895 /* MenuCellProtocol.swift in Sources */,
				01C0F29027EDD8C600380895 /* MenuCellPresenterProtocol.swift in Sources */,
				01C0F29227EDD90500380895 /* MenuHeaderSupplementaryView.swift in Sources */,
				01C995AB27F4F25A00FE3F1F /* CardViewController+UITableViewDataSource.swift in Sources */,
				014F1CD927F398B000D7F799 /* PresentationController.swift in Sources */,
				01C0F28E27EDD89C00380895 /* MenuCellPresenter.swift in Sources */,
				019ACD3927EF1A6500589642 /* BannerViewController.swift in Sources */,
				01A306A127F0BD760098C791 /* BannerCollectionViewCell.swift in Sources */,
				0114B30427F112C500D54393 /* CategoryCollectionViewCell.swift in Sources */,
				01A306A627F10B530098C791 /* HomeViewController+UIGestureRecognizerDelegate.swift in Sources */,
				01B60CC727EE19830045C827 /* NetworkManagerProtocol.swift in Sources */,
				01B60CC527EE195E0045C827 /* NetworkManager.swift in Sources */,
				01AFD60727EDBF5D0081BA4C /* SceneDelegate.swift in Sources */,
				01161E9D27F30A69007695CF /* BannerPresenterProtocol.swift in Sources */,
				01C0F27E27EDC58E00380895 /* Constants.swift in Sources */,
				01161E9F27F30A80007695CF /* BannerViewProtocol.swift in Sources */,
				01161EA127F314DE007695CF /* MenuViewController+UICollectionViewDelegateFlowLayout.swift in Sources */,
				01456F4527F46106002AF950 /* MenuDelegate.swift in Sources */,
				0178A00727FA3B6500698C2F /* ImagineItIsHidden.swift in Sources */,
				0171492827EF80720012379E /* HomeViewController.swift in Sources */,
				01C0F28527EDD20100380895 /* MenuPresenter.swift in Sources */,
				01B60CC327EE182F0045C827 /* Menu.swift in Sources */,
				01C0F28827EDD23F00380895 /* MenuPresenterProtocol.swift in Sources */,
				01A306B227F10CEC0098C791 /* MenuViewController+UIScrollViewDelegate.swift in Sources */,
				01A306B727F10DB00098C791 /* UIViewExtensions.swift in Sources */,
			);
			runOnlyForDeploymentPostprocessing = 0;
		};
/* End PBXSourcesBuildPhase section */

/* Begin PBXTargetDependency section */
		0185851828056514000E68F7 /* PBXTargetDependency */ = {
			isa = PBXTargetDependency;
			target = 01AFD60027EDBF5D0081BA4C /* FoodApp */;
			targetProxy = 0185851728056514000E68F7 /* PBXContainerItemProxy */;
		};
/* End PBXTargetDependency section */

/* Begin PBXVariantGroup section */
		01AFD60F27EDBF600081BA4C /* LaunchScreen.storyboard */ = {
			isa = PBXVariantGroup;
			children = (
				01AFD61027EDBF600081BA4C /* Base */,
			);
			name = LaunchScreen.storyboard;
			sourceTree = "<group>";
		};
/* End PBXVariantGroup section */

/* Begin XCBuildConfiguration section */
		0185851928056514000E68F7 /* Debug */ = {
			isa = XCBuildConfiguration;
			buildSettings = {
				BUNDLE_LOADER = "$(TEST_HOST)";
				CODE_SIGN_STYLE = Automatic;
				CURRENT_PROJECT_VERSION = 1;
				DEVELOPMENT_TEAM = D3M2362AJ6;
				GENERATE_INFOPLIST_FILE = YES;
				MARKETING_VERSION = 1.0;
				PRODUCT_BUNDLE_IDENTIFIER = com.shanidzeann.FoodAppTests;
				PRODUCT_NAME = "$(TARGET_NAME)";
				SWIFT_EMIT_LOC_STRINGS = NO;
				SWIFT_VERSION = 5.0;
				TARGETED_DEVICE_FAMILY = "1,2";
				TEST_HOST = "$(BUILT_PRODUCTS_DIR)/FoodApp.app/FoodApp";
			};
			name = Debug;
		};
		0185851A28056514000E68F7 /* Release */ = {
			isa = XCBuildConfiguration;
			buildSettings = {
				BUNDLE_LOADER = "$(TEST_HOST)";
				CODE_SIGN_STYLE = Automatic;
				CURRENT_PROJECT_VERSION = 1;
				DEVELOPMENT_TEAM = D3M2362AJ6;
				GENERATE_INFOPLIST_FILE = YES;
				MARKETING_VERSION = 1.0;
				PRODUCT_BUNDLE_IDENTIFIER = com.shanidzeann.FoodAppTests;
				PRODUCT_NAME = "$(TARGET_NAME)";
				SWIFT_EMIT_LOC_STRINGS = NO;
				SWIFT_VERSION = 5.0;
				TARGETED_DEVICE_FAMILY = "1,2";
				TEST_HOST = "$(BUILT_PRODUCTS_DIR)/FoodApp.app/FoodApp";
			};
			name = Release;
		};
		01AFD61327EDBF600081BA4C /* Debug */ = {
			isa = XCBuildConfiguration;
			buildSettings = {
				ALWAYS_SEARCH_USER_PATHS = NO;
				CLANG_ANALYZER_NONNULL = YES;
				CLANG_ANALYZER_NUMBER_OBJECT_CONVERSION = YES_AGGRESSIVE;
				CLANG_CXX_LANGUAGE_STANDARD = "gnu++17";
				CLANG_CXX_LIBRARY = "libc++";
				CLANG_ENABLE_MODULES = YES;
				CLANG_ENABLE_OBJC_ARC = YES;
				CLANG_ENABLE_OBJC_WEAK = YES;
				CLANG_WARN_BLOCK_CAPTURE_AUTORELEASING = YES;
				CLANG_WARN_BOOL_CONVERSION = YES;
				CLANG_WARN_COMMA = YES;
				CLANG_WARN_CONSTANT_CONVERSION = YES;
				CLANG_WARN_DEPRECATED_OBJC_IMPLEMENTATIONS = YES;
				CLANG_WARN_DIRECT_OBJC_ISA_USAGE = YES_ERROR;
				CLANG_WARN_DOCUMENTATION_COMMENTS = YES;
				CLANG_WARN_EMPTY_BODY = YES;
				CLANG_WARN_ENUM_CONVERSION = YES;
				CLANG_WARN_INFINITE_RECURSION = YES;
				CLANG_WARN_INT_CONVERSION = YES;
				CLANG_WARN_NON_LITERAL_NULL_CONVERSION = YES;
				CLANG_WARN_OBJC_IMPLICIT_RETAIN_SELF = YES;
				CLANG_WARN_OBJC_LITERAL_CONVERSION = YES;
				CLANG_WARN_OBJC_ROOT_CLASS = YES_ERROR;
				CLANG_WARN_QUOTED_INCLUDE_IN_FRAMEWORK_HEADER = YES;
				CLANG_WARN_RANGE_LOOP_ANALYSIS = YES;
				CLANG_WARN_STRICT_PROTOTYPES = YES;
				CLANG_WARN_SUSPICIOUS_MOVE = YES;
				CLANG_WARN_UNGUARDED_AVAILABILITY = YES_AGGRESSIVE;
				CLANG_WARN_UNREACHABLE_CODE = YES;
				CLANG_WARN__DUPLICATE_METHOD_MATCH = YES;
				COPY_PHASE_STRIP = NO;
				DEBUG_INFORMATION_FORMAT = dwarf;
				ENABLE_STRICT_OBJC_MSGSEND = YES;
				ENABLE_TESTABILITY = YES;
				GCC_C_LANGUAGE_STANDARD = gnu11;
				GCC_DYNAMIC_NO_PIC = NO;
				GCC_NO_COMMON_BLOCKS = YES;
				GCC_OPTIMIZATION_LEVEL = 0;
				GCC_PREPROCESSOR_DEFINITIONS = (
					"DEBUG=1",
					"$(inherited)",
				);
				GCC_WARN_64_TO_32_BIT_CONVERSION = YES;
				GCC_WARN_ABOUT_RETURN_TYPE = YES_ERROR;
				GCC_WARN_UNDECLARED_SELECTOR = YES;
				GCC_WARN_UNINITIALIZED_AUTOS = YES_AGGRESSIVE;
				GCC_WARN_UNUSED_FUNCTION = YES;
				GCC_WARN_UNUSED_VARIABLE = YES;
				IPHONEOS_DEPLOYMENT_TARGET = 15.2;
				MTL_ENABLE_DEBUG_INFO = INCLUDE_SOURCE;
				MTL_FAST_MATH = YES;
				ONLY_ACTIVE_ARCH = YES;
				SDKROOT = iphoneos;
				SWIFT_ACTIVE_COMPILATION_CONDITIONS = DEBUG;
				SWIFT_OPTIMIZATION_LEVEL = "-Onone";
			};
			name = Debug;
		};
		01AFD61427EDBF600081BA4C /* Release */ = {
			isa = XCBuildConfiguration;
			buildSettings = {
				ALWAYS_SEARCH_USER_PATHS = NO;
				CLANG_ANALYZER_NONNULL = YES;
				CLANG_ANALYZER_NUMBER_OBJECT_CONVERSION = YES_AGGRESSIVE;
				CLANG_CXX_LANGUAGE_STANDARD = "gnu++17";
				CLANG_CXX_LIBRARY = "libc++";
				CLANG_ENABLE_MODULES = YES;
				CLANG_ENABLE_OBJC_ARC = YES;
				CLANG_ENABLE_OBJC_WEAK = YES;
				CLANG_WARN_BLOCK_CAPTURE_AUTORELEASING = YES;
				CLANG_WARN_BOOL_CONVERSION = YES;
				CLANG_WARN_COMMA = YES;
				CLANG_WARN_CONSTANT_CONVERSION = YES;
				CLANG_WARN_DEPRECATED_OBJC_IMPLEMENTATIONS = YES;
				CLANG_WARN_DIRECT_OBJC_ISA_USAGE = YES_ERROR;
				CLANG_WARN_DOCUMENTATION_COMMENTS = YES;
				CLANG_WARN_EMPTY_BODY = YES;
				CLANG_WARN_ENUM_CONVERSION = YES;
				CLANG_WARN_INFINITE_RECURSION = YES;
				CLANG_WARN_INT_CONVERSION = YES;
				CLANG_WARN_NON_LITERAL_NULL_CONVERSION = YES;
				CLANG_WARN_OBJC_IMPLICIT_RETAIN_SELF = YES;
				CLANG_WARN_OBJC_LITERAL_CONVERSION = YES;
				CLANG_WARN_OBJC_ROOT_CLASS = YES_ERROR;
				CLANG_WARN_QUOTED_INCLUDE_IN_FRAMEWORK_HEADER = YES;
				CLANG_WARN_RANGE_LOOP_ANALYSIS = YES;
				CLANG_WARN_STRICT_PROTOTYPES = YES;
				CLANG_WARN_SUSPICIOUS_MOVE = YES;
				CLANG_WARN_UNGUARDED_AVAILABILITY = YES_AGGRESSIVE;
				CLANG_WARN_UNREACHABLE_CODE = YES;
				CLANG_WARN__DUPLICATE_METHOD_MATCH = YES;
				COPY_PHASE_STRIP = NO;
				DEBUG_INFORMATION_FORMAT = "dwarf-with-dsym";
				ENABLE_NS_ASSERTIONS = NO;
				ENABLE_STRICT_OBJC_MSGSEND = YES;
				GCC_C_LANGUAGE_STANDARD = gnu11;
				GCC_NO_COMMON_BLOCKS = YES;
				GCC_WARN_64_TO_32_BIT_CONVERSION = YES;
				GCC_WARN_ABOUT_RETURN_TYPE = YES_ERROR;
				GCC_WARN_UNDECLARED_SELECTOR = YES;
				GCC_WARN_UNINITIALIZED_AUTOS = YES_AGGRESSIVE;
				GCC_WARN_UNUSED_FUNCTION = YES;
				GCC_WARN_UNUSED_VARIABLE = YES;
				IPHONEOS_DEPLOYMENT_TARGET = 15.2;
				MTL_ENABLE_DEBUG_INFO = NO;
				MTL_FAST_MATH = YES;
				SDKROOT = iphoneos;
				SWIFT_COMPILATION_MODE = wholemodule;
				SWIFT_OPTIMIZATION_LEVEL = "-O";
				VALIDATE_PRODUCT = YES;
			};
			name = Release;
		};
		01AFD61627EDBF600081BA4C /* Debug */ = {
			isa = XCBuildConfiguration;
			baseConfigurationReference = 4B9ACDA479593E06CF29CB92 /* Pods-FoodApp.debug.xcconfig */;
			buildSettings = {
				ASSETCATALOG_COMPILER_APPICON_NAME = AppIcon;
				ASSETCATALOG_COMPILER_GLOBAL_ACCENT_COLOR_NAME = AccentColor;
				CODE_SIGN_STYLE = Automatic;
				CURRENT_PROJECT_VERSION = 1;
				DEVELOPMENT_TEAM = D3M2362AJ6;
				GENERATE_INFOPLIST_FILE = YES;
				INFOPLIST_FILE = FoodApp/Info.plist;
				INFOPLIST_KEY_UIApplicationSupportsIndirectInputEvents = YES;
				INFOPLIST_KEY_UILaunchStoryboardName = LaunchScreen;
				INFOPLIST_KEY_UISupportedInterfaceOrientations_iPad = "UIInterfaceOrientationPortrait UIInterfaceOrientationPortraitUpsideDown UIInterfaceOrientationLandscapeLeft UIInterfaceOrientationLandscapeRight";
				INFOPLIST_KEY_UISupportedInterfaceOrientations_iPhone = "UIInterfaceOrientationPortrait UIInterfaceOrientationLandscapeLeft UIInterfaceOrientationLandscapeRight";
				LD_RUNPATH_SEARCH_PATHS = (
					"$(inherited)",
					"@executable_path/Frameworks",
				);
				MARKETING_VERSION = 1.0;
				PRODUCT_BUNDLE_IDENTIFIER = com.shanidzeann.FoodApp;
				PRODUCT_NAME = "$(TARGET_NAME)";
				SWIFT_EMIT_LOC_STRINGS = YES;
				SWIFT_VERSION = 5.0;
				TARGETED_DEVICE_FAMILY = 1;
			};
			name = Debug;
		};
		01AFD61727EDBF600081BA4C /* Release */ = {
			isa = XCBuildConfiguration;
			baseConfigurationReference = BB60A4A5B4A199978A91D4E3 /* Pods-FoodApp.release.xcconfig */;
			buildSettings = {
				ASSETCATALOG_COMPILER_APPICON_NAME = AppIcon;
				ASSETCATALOG_COMPILER_GLOBAL_ACCENT_COLOR_NAME = AccentColor;
				CODE_SIGN_STYLE = Automatic;
				CURRENT_PROJECT_VERSION = 1;
				DEVELOPMENT_TEAM = D3M2362AJ6;
				GENERATE_INFOPLIST_FILE = YES;
				INFOPLIST_FILE = FoodApp/Info.plist;
				INFOPLIST_KEY_UIApplicationSupportsIndirectInputEvents = YES;
				INFOPLIST_KEY_UILaunchStoryboardName = LaunchScreen;
				INFOPLIST_KEY_UISupportedInterfaceOrientations_iPad = "UIInterfaceOrientationPortrait UIInterfaceOrientationPortraitUpsideDown UIInterfaceOrientationLandscapeLeft UIInterfaceOrientationLandscapeRight";
				INFOPLIST_KEY_UISupportedInterfaceOrientations_iPhone = "UIInterfaceOrientationPortrait UIInterfaceOrientationLandscapeLeft UIInterfaceOrientationLandscapeRight";
				LD_RUNPATH_SEARCH_PATHS = (
					"$(inherited)",
					"@executable_path/Frameworks",
				);
				MARKETING_VERSION = 1.0;
				PRODUCT_BUNDLE_IDENTIFIER = com.shanidzeann.FoodApp;
				PRODUCT_NAME = "$(TARGET_NAME)";
				SWIFT_EMIT_LOC_STRINGS = YES;
				SWIFT_VERSION = 5.0;
				TARGETED_DEVICE_FAMILY = 1;
			};
			name = Release;
		};
/* End XCBuildConfiguration section */

/* Begin XCConfigurationList section */
		0185851B28056514000E68F7 /* Build configuration list for PBXNativeTarget "FoodAppTests" */ = {
			isa = XCConfigurationList;
			buildConfigurations = (
				0185851928056514000E68F7 /* Debug */,
				0185851A28056514000E68F7 /* Release */,
			);
			defaultConfigurationIsVisible = 0;
			defaultConfigurationName = Release;
		};
		01AFD5FC27EDBF5D0081BA4C /* Build configuration list for PBXProject "FoodApp" */ = {
			isa = XCConfigurationList;
			buildConfigurations = (
				01AFD61327EDBF600081BA4C /* Debug */,
				01AFD61427EDBF600081BA4C /* Release */,
			);
			defaultConfigurationIsVisible = 0;
			defaultConfigurationName = Release;
		};
		01AFD61527EDBF600081BA4C /* Build configuration list for PBXNativeTarget "FoodApp" */ = {
			isa = XCConfigurationList;
			buildConfigurations = (
				01AFD61627EDBF600081BA4C /* Debug */,
				01AFD61727EDBF600081BA4C /* Release */,
			);
			defaultConfigurationIsVisible = 0;
			defaultConfigurationName = Release;
		};
/* End XCConfigurationList section */
	};
	rootObject = 01AFD5F927EDBF5D0081BA4C /* Project object */;
}
